// !$*UTF8*$!
{
	archiveVersion = 1;
	classes = {
	};
	objectVersion = 46;
	objects = {

/* Begin PBXBuildFile section */
		C73610F919F0B5580033F76D /* adviceViewController.m in Sources */ = {isa = PBXBuildFile; fileRef = C73610F819F0B5580033F76D /* adviceViewController.m */; };
		C7A2D80519EE3077008CE114 /* omikujiViewController.m in Sources */ = {isa = PBXBuildFile; fileRef = C7A2D80419EE3077008CE114 /* omikujiViewController.m */; };
		C7A2D80819EE50B1008CE114 /* BrowserViewController.m in Sources */ = {isa = PBXBuildFile; fileRef = C7A2D80719EE50B1008CE114 /* BrowserViewController.m */; };
		C7D9175C19EE1B160047A5E9 /* Foundation.framework in Frameworks */ = {isa = PBXBuildFile; fileRef = C7D9175B19EE1B160047A5E9 /* Foundation.framework */; };
		C7D9175E19EE1B160047A5E9 /* CoreGraphics.framework in Frameworks */ = {isa = PBXBuildFile; fileRef = C7D9175D19EE1B160047A5E9 /* CoreGraphics.framework */; };
		C7D9176019EE1B160047A5E9 /* UIKit.framework in Frameworks */ = {isa = PBXBuildFile; fileRef = C7D9175F19EE1B160047A5E9 /* UIKit.framework */; };
		C7D9176619EE1B160047A5E9 /* InfoPlist.strings in Resources */ = {isa = PBXBuildFile; fileRef = C7D9176419EE1B160047A5E9 /* InfoPlist.strings */; };
		C7D9176819EE1B160047A5E9 /* main.m in Sources */ = {isa = PBXBuildFile; fileRef = C7D9176719EE1B160047A5E9 /* main.m */; };
		C7D9176C19EE1B160047A5E9 /* AppDelegate.m in Sources */ = {isa = PBXBuildFile; fileRef = C7D9176B19EE1B160047A5E9 /* AppDelegate.m */; };
		C7D9176F19EE1B160047A5E9 /* Main.storyboard in Resources */ = {isa = PBXBuildFile; fileRef = C7D9176D19EE1B160047A5E9 /* Main.storyboard */; };
		C7D9177219EE1B160047A5E9 /* ViewController.m in Sources */ = {isa = PBXBuildFile; fileRef = C7D9177119EE1B160047A5E9 /* ViewController.m */; };
		C7D9177419EE1B160047A5E9 /* Images.xcassets in Resources */ = {isa = PBXBuildFile; fileRef = C7D9177319EE1B160047A5E9 /* Images.xcassets */; };
		C7D9177B19EE1B160047A5E9 /* XCTest.framework in Frameworks */ = {isa = PBXBuildFile; fileRef = C7D9177A19EE1B160047A5E9 /* XCTest.framework */; };
		C7D9177C19EE1B160047A5E9 /* Foundation.framework in Frameworks */ = {isa = PBXBuildFile; fileRef = C7D9175B19EE1B160047A5E9 /* Foundation.framework */; };
		C7D9177D19EE1B160047A5E9 /* UIKit.framework in Frameworks */ = {isa = PBXBuildFile; fileRef = C7D9175F19EE1B160047A5E9 /* UIKit.framework */; };
		C7D9178519EE1B170047A5E9 /* InfoPlist.strings in Resources */ = {isa = PBXBuildFile; fileRef = C7D9178319EE1B170047A5E9 /* InfoPlist.strings */; };
		C7D9178719EE1B170047A5E9 /* thedepth6Tests.m in Sources */ = {isa = PBXBuildFile; fileRef = C7D9178619EE1B170047A5E9 /* thedepth6Tests.m */; };
		C7D9179219EE1C490047A5E9 /* QuetionViewController.m in Sources */ = {isa = PBXBuildFile; fileRef = C7D9179119EE1C490047A5E9 /* QuetionViewController.m */; };
/* End PBXBuildFile section */

/* Begin PBXContainerItemProxy section */
		C7D9177E19EE1B160047A5E9 /* PBXContainerItemProxy */ = {
			isa = PBXContainerItemProxy;
			containerPortal = C7D9175019EE1B160047A5E9 /* Project object */;
			proxyType = 1;
			remoteGlobalIDString = C7D9175719EE1B160047A5E9;
			remoteInfo = thedepth6;
		};
/* End PBXContainerItemProxy section */

/* Begin PBXFileReference section */
		C73610F719F0B5580033F76D /* adviceViewController.h */ = {isa = PBXFileReference; fileEncoding = 4; lastKnownFileType = sourcecode.c.h; path = adviceViewController.h; sourceTree = "<group>"; };
		C73610F819F0B5580033F76D /* adviceViewController.m */ = {isa = PBXFileReference; fileEncoding = 4; lastKnownFileType = sourcecode.c.objc; path = adviceViewController.m; sourceTree = "<group>"; };
		C7A2D80319EE3077008CE114 /* omikujiViewController.h */ = {isa = PBXFileReference; fileEncoding = 4; lastKnownFileType = sourcecode.c.h; path = omikujiViewController.h; sourceTree = "<group>"; };
		C7A2D80419EE3077008CE114 /* omikujiViewController.m */ = {isa = PBXFileReference; fileEncoding = 4; lastKnownFileType = sourcecode.c.objc; path = omikujiViewController.m; sourceTree = "<group>"; };
		C7A2D80619EE50B1008CE114 /* BrowserViewController.h */ = {isa = PBXFileReference; fileEncoding = 4; lastKnownFileType = sourcecode.c.h; path = BrowserViewController.h; sourceTree = "<group>"; };
		C7A2D80719EE50B1008CE114 /* BrowserViewController.m */ = {isa = PBXFileReference; fileEncoding = 4; lastKnownFileType = sourcecode.c.objc; path = BrowserViewController.m; sourceTree = "<group>"; };
		C7D9175819EE1B160047A5E9 /* thedepth6.app */ = {isa = PBXFileReference; explicitFileType = wrapper.application; includeInIndex = 0; path = thedepth6.app; sourceTree = BUILT_PRODUCTS_DIR; };
		C7D9175B19EE1B160047A5E9 /* Foundation.framework */ = {isa = PBXFileReference; lastKnownFileType = wrapper.framework; name = Foundation.framework; path = System/Library/Frameworks/Foundation.framework; sourceTree = SDKROOT; };
		C7D9175D19EE1B160047A5E9 /* CoreGraphics.framework */ = {isa = PBXFileReference; lastKnownFileType = wrapper.framework; name = CoreGraphics.framework; path = System/Library/Frameworks/CoreGraphics.framework; sourceTree = SDKROOT; };
		C7D9175F19EE1B160047A5E9 /* UIKit.framework */ = {isa = PBXFileReference; lastKnownFileType = wrapper.framework; name = UIKit.framework; path = System/Library/Frameworks/UIKit.framework; sourceTree = SDKROOT; };
		C7D9176319EE1B160047A5E9 /* thedepth6-Info.plist */ = {isa = PBXFileReference; lastKnownFileType = text.plist.xml; path = "thedepth6-Info.plist"; sourceTree = "<group>"; };
		C7D9176519EE1B160047A5E9 /* en */ = {isa = PBXFileReference; lastKnownFileType = text.plist.strings; name = en; path = en.lproj/InfoPlist.strings; sourceTree = "<group>"; };
		C7D9176719EE1B160047A5E9 /* main.m */ = {isa = PBXFileReference; lastKnownFileType = sourcecode.c.objc; path = main.m; sourceTree = "<group>"; };
		C7D9176919EE1B160047A5E9 /* thedepth6-Prefix.pch */ = {isa = PBXFileReference; lastKnownFileType = sourcecode.c.h; path = "thedepth6-Prefix.pch"; sourceTree = "<group>"; };
		C7D9176A19EE1B160047A5E9 /* AppDelegate.h */ = {isa = PBXFileReference; lastKnownFileType = sourcecode.c.h; path = AppDelegate.h; sourceTree = "<group>"; };
		C7D9176B19EE1B160047A5E9 /* AppDelegate.m */ = {isa = PBXFileReference; lastKnownFileType = sourcecode.c.objc; path = AppDelegate.m; sourceTree = "<group>"; };
		C7D9176E19EE1B160047A5E9 /* Base */ = {isa = PBXFileReference; lastKnownFileType = file.storyboard; name = Base; path = Base.lproj/Main.storyboard; sourceTree = "<group>"; };
		C7D9177019EE1B160047A5E9 /* ViewController.h */ = {isa = PBXFileReference; lastKnownFileType = sourcecode.c.h; path = ViewController.h; sourceTree = "<group>"; };
		C7D9177119EE1B160047A5E9 /* ViewController.m */ = {isa = PBXFileReference; lastKnownFileType = sourcecode.c.objc; path = ViewController.m; sourceTree = "<group>"; };
		C7D9177319EE1B160047A5E9 /* Images.xcassets */ = {isa = PBXFileReference; lastKnownFileType = folder.assetcatalog; path = Images.xcassets; sourceTree = "<group>"; };
		C7D9177919EE1B160047A5E9 /* thedepth6Tests.xctest */ = {isa = PBXFileReference; explicitFileType = wrapper.cfbundle; includeInIndex = 0; path = thedepth6Tests.xctest; sourceTree = BUILT_PRODUCTS_DIR; };
		C7D9177A19EE1B160047A5E9 /* XCTest.framework */ = {isa = PBXFileReference; lastKnownFileType = wrapper.framework; name = XCTest.framework; path = Library/Frameworks/XCTest.framework; sourceTree = DEVELOPER_DIR; };
		C7D9178219EE1B170047A5E9 /* thedepth6Tests-Info.plist */ = {isa = PBXFileReference; lastKnownFileType = text.plist.xml; path = "thedepth6Tests-Info.plist"; sourceTree = "<group>"; };
		C7D9178419EE1B170047A5E9 /* en */ = {isa = PBXFileReference; lastKnownFileType = text.plist.strings; name = en; path = en.lproj/InfoPlist.strings; sourceTree = "<group>"; };
		C7D9178619EE1B170047A5E9 /* thedepth6Tests.m */ = {isa = PBXFileReference; lastKnownFileType = sourcecode.c.objc; path = thedepth6Tests.m; sourceTree = "<group>"; };
		C7D9179019EE1C490047A5E9 /* QuetionViewController.h */ = {isa = PBXFileReference; fileEncoding = 4; lastKnownFileType = sourcecode.c.h; path = QuetionViewController.h; sourceTree = "<group>"; };
		C7D9179119EE1C490047A5E9 /* QuetionViewController.m */ = {isa = PBXFileReference; fileEncoding = 4; lastKnownFileType = sourcecode.c.objc; path = QuetionViewController.m; sourceTree = "<group>"; };
/* End PBXFileReference section */

/* Begin PBXFrameworksBuildPhase section */
		C7D9175519EE1B160047A5E9 /* Frameworks */ = {
			isa = PBXFrameworksBuildPhase;
			buildActionMask = 2147483647;
			files = (
				C7D9175E19EE1B160047A5E9 /* CoreGraphics.framework in Frameworks */,
				C7D9176019EE1B160047A5E9 /* UIKit.framework in Frameworks */,
				C7D9175C19EE1B160047A5E9 /* Foundation.framework in Frameworks */,
			);
			runOnlyForDeploymentPostprocessing = 0;
		};
		C7D9177619EE1B160047A5E9 /* Frameworks */ = {
			isa = PBXFrameworksBuildPhase;
			buildActionMask = 2147483647;
			files = (
				C7D9177B19EE1B160047A5E9 /* XCTest.framework in Frameworks */,
				C7D9177D19EE1B160047A5E9 /* UIKit.framework in Frameworks */,
				C7D9177C19EE1B160047A5E9 /* Foundation.framework in Frameworks */,
			);
			runOnlyForDeploymentPostprocessing = 0;
		};
/* End PBXFrameworksBuildPhase section */

/* Begin PBXGroup section */
		C7D9174F19EE1B160047A5E9 = {
			isa = PBXGroup;
			children = (
				C7D9176119EE1B160047A5E9 /* thedepth6 */,
				C7D9178019EE1B160047A5E9 /* thedepth6Tests */,
				C7D9175A19EE1B160047A5E9 /* Frameworks */,
				C7D9175919EE1B160047A5E9 /* Products */,
			);
			sourceTree = "<group>";
		};
		C7D9175919EE1B160047A5E9 /* Products */ = {
			isa = PBXGroup;
			children = (
				C7D9175819EE1B160047A5E9 /* thedepth6.app */,
				C7D9177919EE1B160047A5E9 /* thedepth6Tests.xctest */,
			);
			name = Products;
			sourceTree = "<group>";
		};
		C7D9175A19EE1B160047A5E9 /* Frameworks */ = {
			isa = PBXGroup;
			children = (
				C7D9175B19EE1B160047A5E9 /* Foundation.framework */,
				C7D9175D19EE1B160047A5E9 /* CoreGraphics.framework */,
				C7D9175F19EE1B160047A5E9 /* UIKit.framework */,
				C7D9177A19EE1B160047A5E9 /* XCTest.framework */,
			);
			name = Frameworks;
			sourceTree = "<group>";
		};
		C7D9176119EE1B160047A5E9 /* thedepth6 */ = {
			isa = PBXGroup;
			children = (
				C7D9176A19EE1B160047A5E9 /* AppDelegate.h */,
				C7D9176B19EE1B160047A5E9 /* AppDelegate.m */,
				C7D9176D19EE1B160047A5E9 /* Main.storyboard */,
				C73610F719F0B5580033F76D /* adviceViewController.h */,
				C73610F819F0B5580033F76D /* adviceViewController.m */,
				C7A2D80619EE50B1008CE114 /* BrowserViewController.h */,
				C7A2D80719EE50B1008CE114 /* BrowserViewController.m */,
				C7A2D80319EE3077008CE114 /* omikujiViewController.h */,
				C7A2D80419EE3077008CE114 /* omikujiViewController.m */,
				C7D9179019EE1C490047A5E9 /* QuetionViewController.h */,
				C7D9179119EE1C490047A5E9 /* QuetionViewController.m */,
				C7D9177019EE1B160047A5E9 /* ViewController.h */,
				C7D9177119EE1B160047A5E9 /* ViewController.m */,
				C7D9177319EE1B160047A5E9 /* Images.xcassets */,
				C7D9176219EE1B160047A5E9 /* Supporting Files */,
			);
			path = thedepth6;
			sourceTree = "<group>";
		};
		C7D9176219EE1B160047A5E9 /* Supporting Files */ = {
			isa = PBXGroup;
			children = (
				C7D9176319EE1B160047A5E9 /* thedepth6-Info.plist */,
				C7D9176419EE1B160047A5E9 /* InfoPlist.strings */,
				C7D9176719EE1B160047A5E9 /* main.m */,
				C7D9176919EE1B160047A5E9 /* thedepth6-Prefix.pch */,
			);
			name = "Supporting Files";
			sourceTree = "<group>";
		};
		C7D9178019EE1B160047A5E9 /* thedepth6Tests */ = {
			isa = PBXGroup;
			children = (
				C7D9178619EE1B170047A5E9 /* thedepth6Tests.m */,
				C7D9178119EE1B170047A5E9 /* Supporting Files */,
			);
			path = thedepth6Tests;
			sourceTree = "<group>";
		};
		C7D9178119EE1B170047A5E9 /* Supporting Files */ = {
			isa = PBXGroup;
			children = (
				C7D9178219EE1B170047A5E9 /* thedepth6Tests-Info.plist */,
				C7D9178319EE1B170047A5E9 /* InfoPlist.strings */,
			);
			name = "Supporting Files";
			sourceTree = "<group>";
		};
/* End PBXGroup section */

/* Begin PBXNativeTarget section */
		C7D9175719EE1B160047A5E9 /* thedepth6 */ = {
			isa = PBXNativeTarget;
			buildConfigurationList = C7D9178A19EE1B170047A5E9 /* Build configuration list for PBXNativeTarget "thedepth6" */;
			buildPhases = (
				C7D9175419EE1B160047A5E9 /* Sources */,
				C7D9175519EE1B160047A5E9 /* Frameworks */,
				C7D9175619EE1B160047A5E9 /* Resources */,
			);
			buildRules = (
			);
			dependencies = (
			);
			name = thedepth6;
			productName = thedepth6;
			productReference = C7D9175819EE1B160047A5E9 /* thedepth6.app */;
			productType = "com.apple.product-type.application";
		};
		C7D9177819EE1B160047A5E9 /* thedepth6Tests */ = {
			isa = PBXNativeTarget;
			buildConfigurationList = C7D9178D19EE1B170047A5E9 /* Build configuration list for PBXNativeTarget "thedepth6Tests" */;
			buildPhases = (
				C7D9177519EE1B160047A5E9 /* Sources */,
				C7D9177619EE1B160047A5E9 /* Frameworks */,
				C7D9177719EE1B160047A5E9 /* Resources */,
			);
			buildRules = (
			);
			dependencies = (
				C7D9177F19EE1B160047A5E9 /* PBXTargetDependency */,
			);
			name = thedepth6Tests;
			productName = thedepth6Tests;
			productReference = C7D9177919EE1B160047A5E9 /* thedepth6Tests.xctest */;
			productType = "com.apple.product-type.bundle.unit-test";
		};
/* End PBXNativeTarget section */

/* Begin PBXProject section */
		C7D9175019EE1B160047A5E9 /* Project object */ = {
			isa = PBXProject;
			attributes = {
				LastUpgradeCheck = 0510;
				ORGANIZATIONNAME = mycompany;
				TargetAttributes = {
					C7D9177819EE1B160047A5E9 = {
						TestTargetID = C7D9175719EE1B160047A5E9;
					};
				};
			};
			buildConfigurationList = C7D9175319EE1B160047A5E9 /* Build configuration list for PBXProject "thedepth6" */;
			compatibilityVersion = "Xcode 3.2";
			developmentRegion = English;
			hasScannedForEncodings = 0;
			knownRegions = (
				en,
				Base,
			);
			mainGroup = C7D9174F19EE1B160047A5E9;
			productRefGroup = C7D9175919EE1B160047A5E9 /* Products */;
			projectDirPath = "";
			projectRoot = "";
			targets = (
				C7D9175719EE1B160047A5E9 /* thedepth6 */,
				C7D9177819EE1B160047A5E9 /* thedepth6Tests */,
			);
		};
/* End PBXProject section */

/* Begin PBXResourcesBuildPhase section */
		C7D9175619EE1B160047A5E9 /* Resources */ = {
			isa = PBXResourcesBuildPhase;
			buildActionMask = 2147483647;
			files = (
				C7D9177419EE1B160047A5E9 /* Images.xcassets in Resources */,
				C7D9176619EE1B160047A5E9 /* InfoPlist.strings in Resources */,
				C7D9176F19EE1B160047A5E9 /* Main.storyboard in Resources */,
			);
			runOnlyForDeploymentPostprocessing = 0;
		};
		C7D9177719EE1B160047A5E9 /* Resources */ = {
			isa = PBXResourcesBuildPhase;
			buildActionMask = 2147483647;
			files = (
				C7D9178519EE1B170047A5E9 /* InfoPlist.strings in Resources */,
			);
			runOnlyForDeploymentPostprocessing = 0;
		};
/* End PBXResourcesBuildPhase section */

/* Begin PBXSourcesBuildPhase section */
		C7D9175419EE1B160047A5E9 /* Sources */ = {
			isa = PBXSourcesBuildPhase;
			buildActionMask = 2147483647;
			files = (
				C7D9177219EE1B160047A5E9 /* ViewController.m in Sources */,
				C7D9176C19EE1B160047A5E9 /* AppDelegate.m in Sources */,
				C7D9179219EE1C490047A5E9 /* QuetionViewController.m in Sources */,
				C7D9176819EE1B160047A5E9 /* main.m in Sources */,
				C7A2D80519EE3077008CE114 /* omikujiViewController.m in Sources */,
				C7A2D80819EE50B1008CE114 /* BrowserViewController.m in Sources */,
				C73610F919F0B5580033F76D /* adviceViewController.m in Sources */,
			);
			runOnlyForDeploymentPostprocessing = 0;
		};
		C7D9177519EE1B160047A5E9 /* Sources */ = {
			isa = PBXSourcesBuildPhase;
			buildActionMask = 2147483647;
			files = (
				C7D9178719EE1B170047A5E9 /* thedepth6Tests.m in Sources */,
			);
			runOnlyForDeploymentPostprocessing = 0;
		};
/* End PBXSourcesBuildPhase section */

/* Begin PBXTargetDependency section */
		C7D9177F19EE1B160047A5E9 /* PBXTargetDependency */ = {
			isa = PBXTargetDependency;
			target = C7D9175719EE1B160047A5E9 /* thedepth6 */;
			targetProxy = C7D9177E19EE1B160047A5E9 /* PBXContainerItemProxy */;
		};
/* End PBXTargetDependency section */

/* Begin PBXVariantGroup section */
		C7D9176419EE1B160047A5E9 /* InfoPlist.strings */ = {
			isa = PBXVariantGroup;
			children = (
				C7D9176519EE1B160047A5E9 /* en */,
			);
			name = InfoPlist.strings;
			sourceTree = "<group>";
		};
		C7D9176D19EE1B160047A5E9 /* Main.storyboard */ = {
			isa = PBXVariantGroup;
			children = (
				C7D9176E19EE1B160047A5E9 /* Base */,
			);
			name = Main.storyboard;
			sourceTree = "<group>";
		};
		C7D9178319EE1B170047A5E9 /* InfoPlist.strings */ = {
			isa = PBXVariantGroup;
			children = (
				C7D9178419EE1B170047A5E9 /* en */,
			);
			name = InfoPlist.strings;
			sourceTree = "<group>";
		};
/* End PBXVariantGroup section */

/* Begin XCBuildConfiguration section */
		C7D9178819EE1B170047A5E9 /* Debug */ = {
			isa = XCBuildConfiguration;
			buildSettings = {
				ALWAYS_SEARCH_USER_PATHS = NO;
				CLANG_CXX_LANGUAGE_STANDARD = "gnu++0x";
				CLANG_CXX_LIBRARY = "libc++";
				CLANG_ENABLE_MODULES = YES;
				CLANG_ENABLE_OBJC_ARC = YES;
				CLANG_WARN_BOOL_CONVERSION = YES;
				CLANG_WARN_CONSTANT_CONVERSION = YES;
				CLANG_WARN_DIRECT_OBJC_ISA_USAGE = YES_ERROR;
				CLANG_WARN_EMPTY_BODY = YES;
				CLANG_WARN_ENUM_CONVERSION = YES;
				CLANG_WARN_INT_CONVERSION = YES;
				CLANG_WARN_OBJC_ROOT_CLASS = YES_ERROR;
				CLANG_WARN__DUPLICATE_METHOD_MATCH = YES;
				"CODE_SIGN_IDENTITY[sdk=iphoneos*]" = "iPhone Developer";
				COPY_PHASE_STRIP = NO;
				GCC_C_LANGUAGE_STANDARD = gnu99;
				GCC_DYNAMIC_NO_PIC = NO;
				GCC_OPTIMIZATION_LEVEL = 0;
				GCC_PREPROCESSOR_DEFINITIONS = (
					"DEBUG=1",
					"$(inherited)",
				);
				GCC_SYMBOLS_PRIVATE_EXTERN = NO;
				GCC_WARN_64_TO_32_BIT_CONVERSION = YES;
				GCC_WARN_ABOUT_RETURN_TYPE = YES_ERROR;
				GCC_WARN_UNDECLARED_SELECTOR = YES;
				GCC_WARN_UNINITIALIZED_AUTOS = YES_AGGRESSIVE;
				GCC_WARN_UNUSED_FUNCTION = YES;
				GCC_WARN_UNUSED_VARIABLE = YES;
				IPHONEOS_DEPLOYMENT_TARGET = 7.1;
				ONLY_ACTIVE_ARCH = YES;
				SDKROOT = iphoneos;
			};
			name = Debug;
		};
		C7D9178919EE1B170047A5E9 /* Release */ = {
			isa = XCBuildConfiguration;
			buildSettings = {
				ALWAYS_SEARCH_USER_PATHS = NO;
				CLANG_CXX_LANGUAGE_STANDARD = "gnu++0x";
				CLANG_CXX_LIBRARY = "libc++";
				CLANG_ENABLE_MODULES = YES;
				CLANG_ENABLE_OBJC_ARC = YES;
				CLANG_WARN_BOOL_CONVERSION = YES;
				CLANG_WARN_CONSTANT_CONVERSION = YES;
				CLANG_WARN_DIRECT_OBJC_ISA_USAGE = YES_ERROR;
				CLANG_WARN_EMPTY_BODY = YES;
				CLANG_WARN_ENUM_CONVERSION = YES;
				CLANG_WARN_INT_CONVERSION = YES;
				CLANG_WARN_OBJC_ROOT_CLASS = YES_ERROR;
				CLANG_WARN__DUPLICATE_METHOD_MATCH = YES;
				"CODE_SIGN_IDENTITY[sdk=iphoneos*]" = "iPhone Developer";
				COPY_PHASE_STRIP = YES;
				ENABLE_NS_ASSERTIONS = NO;
				GCC_C_LANGUAGE_STANDARD = gnu99;
				GCC_WARN_64_TO_32_BIT_CONVERSION = YES;
				GCC_WARN_ABOUT_RETURN_TYPE = YES_ERROR;
				GCC_WARN_UNDECLARED_SELECTOR = YES;
				GCC_WARN_UNINITIALIZED_AUTOS = YES_AGGRESSIVE;
				GCC_WARN_UNUSED_FUNCTION = YES;
				GCC_WARN_UNUSED_VARIABLE = YES;
				IPHONEOS_DEPLOYMENT_TARGET = 7.1;
				SDKROOT = iphoneos;
				VALIDATE_PRODUCT = YES;
			};
			name = Release;
		};
		C7D9178B19EE1B170047A5E9 /* Debug */ = {
			isa = XCBuildConfiguration;
			buildSettings = {
				ASSETCATALOG_COMPILER_APPICON_NAME = AppIcon;
				ASSETCATALOG_COMPILER_LAUNCHIMAGE_NAME = LaunchImage;
				GCC_PRECOMPILE_PREFIX_HEADER = YES;
				GCC_PREFIX_HEADER = "thedepth6/thedepth6-Prefix.pch";
				INFOPLIST_FILE = "thedepth6/thedepth6-Info.plist";
				PRODUCT_NAME = "$(TARGET_NAME)";
				WRAPPER_EXTENSION = app;
			};
			name = Debug;
		};
		C7D9178C19EE1B170047A5E9 /* Release */ = {
			isa = XCBuildConfiguration;
			buildSettings = {
				ASSETCATALOG_COMPILER_APPICON_NAME = AppIcon;
				ASSETCATALOG_COMPILER_LAUNCHIMAGE_NAME = LaunchImage;
				GCC_PRECOMPILE_PREFIX_HEADER = YES;
				GCC_PREFIX_HEADER = "thedepth6/thedepth6-Prefix.pch";
				INFOPLIST_FILE = "thedepth6/thedepth6-Info.plist";
				PRODUCT_NAME = "$(TARGET_NAME)";
				WRAPPER_EXTENSION = app;
			};
			name = Release;
		};
		C7D9178E19EE1B170047A5E9 /* Debug */ = {
			isa = XCBuildConfiguration;
			buildSettings = {
				BUNDLE_LOADER = "$(BUILT_PRODUCTS_DIR)/thedepth6.app/thedepth6";
				FRAMEWORK_SEARCH_PATHS = (
					"$(SDKROOT)/Developer/Library/Frameworks",
					"$(inherited)",
					"$(DEVELOPER_FRAMEWORKS_DIR)",
				);
				GCC_PRECOMPILE_PREFIX_HEADER = YES;
				GCC_PREFIX_HEADER = "thedepth6/thedepth6-Prefix.pch";
				GCC_PREPROCESSOR_DEFINITIONS = (
					"DEBUG=1",
					"$(inherited)",
				);
				INFOPLIST_FILE = "thedepth6Tests/thedepth6Tests-Info.plist";
				PRODUCT_NAME = "$(TARGET_NAME)";
				TEST_HOST = "$(BUNDLE_LOADER)";
				WRAPPER_EXTENSION = xctest;
			};
			name = Debug;
		};
		C7D9178F19EE1B170047A5E9 /* Release */ = {
			isa = XCBuildConfiguration;
			buildSettings = {
				BUNDLE_LOADER = "$(BUILT_PRODUCTS_DIR)/thedepth6.app/thedepth6";
				FRAMEWORK_SEARCH_PATHS = (
					"$(SDKROOT)/Developer/Library/Frameworks",
					"$(inherited)",
					"$(DEVELOPER_FRAMEWORKS_DIR)",
				);
				GCC_PRECOMPILE_PREFIX_HEADER = YES;
				GCC_PREFIX_HEADER = "thedepth6/thedepth6-Prefix.pch";
				INFOPLIST_FILE = "thedepth6Tests/thedepth6Tests-Info.plist";
				PRODUCT_NAME = "$(TARGET_NAME)";
				TEST_HOST = "$(BUNDLE_LOADER)";
				WRAPPER_EXTENSION = xctest;
			};
			name = Release;
		};
/* End XCBuildConfiguration section */

/* Begin XCConfigurationList section */
		C7D9175319EE1B160047A5E9 /* Build configuration list for PBXProject "thedepth6" */ = {
			isa = XCConfigurationList;
			buildConfigurations = (
				C7D9178819EE1B170047A5E9 /* Debug */,
				C7D9178919EE1B170047A5E9 /* Release */,
			);
			defaultConfigurationIsVisible = 0;
			defaultConfigurationName = Release;
		};
		C7D9178A19EE1B170047A5E9 /* Build configuration list for PBXNativeTarget "thedepth6" */ = {
			isa = XCConfigurationList;
			buildConfigurations = (
				C7D9178B19EE1B170047A5E9 /* Debug */,
				C7D9178C19EE1B170047A5E9 /* Release */,
			);
			defaultConfigurationIsVisible = 0;
			defaultConfigurationName = Release;
		};
		C7D9178D19EE1B170047A5E9 /* Build configuration list for PBXNativeTarget "thedepth6Tests" */ = {
			isa = XCConfigurationList;
			buildConfigurations = (
				C7D9178E19EE1B170047A5E9 /* Debug */,
				C7D9178F19EE1B170047A5E9 /* Release */,
			);
			defaultConfigurationIsVisible = 0;
			defaultConfigurationName = Release;
		};
/* End XCConfigurationList section */
	};
	rootObject = C7D9175019EE1B160047A5E9 /* Project object */;
}
